// !$*UTF8*$!
{
	archiveVersion = 1;
	classes = {
	};
	objectVersion = 77;
	objects = {

/* Begin PBXBuildFile section */
		1B5B33DFF38C672BE1947434 /* InputAreaView.swift in Sources */ = {isa = PBXBuildFile; fileRef = 2DD481DC8CD7C44EB62100B1 /* InputAreaView.swift */; };
		3F714AF4F704E166FDC5DC8A /* QRScannerScreenView.swift in Sources */ = {isa = PBXBuildFile; fileRef = A609FE540C0EE0FA6D377651 /* QRScannerScreenView.swift */; };
		40322FDC2A44A520F247A030 /* RootTabView.swift in Sources */ = {isa = PBXBuildFile; fileRef = 946F3E489BE259CFEA074CD7 /* RootTabView.swift */; };
		4E1E63A428CD678307FFACF9 /* SettingsScreenView.swift in Sources */ = {isa = PBXBuildFile; fileRef = 3A602978B2C24D4294DF971F /* SettingsScreenView.swift */; };
		4FBC8EAC231E42036CB9F6E9 /* Assets.xcassets in Resources */ = {isa = PBXBuildFile; fileRef = 79B57CE4BEC7A0885C2C6FB4 /* Assets.xcassets */; };
		5EC8C5FB31CB74CAA10BDF37 /* WebSocketManager.swift in Sources */ = {isa = PBXBuildFile; fileRef = BF27902A11DB4EFB0E211233 /* WebSocketManager.swift */; };
		62B40259D739BDC54D685713 /* EarphoneLocalModels.swift in Sources */ = {isa = PBXBuildFile; fileRef = 63155F121643AE1EC381DFB9 /* EarphoneLocalModels.swift */; };
		63974BB6FBBEFB347265A4AB /* A9UltraBLEManager.swift in Sources */ = {isa = PBXBuildFile; fileRef = CFF62CA2DACEAB18522B07FE /* A9UltraBLEManager.swift */; };
		689254496DC5E3A6E2E1858A /* ABMateProtocol.swift in Sources */ = {isa = PBXBuildFile; fileRef = 5A35BA9D214C277B34416F0C /* ABMateProtocol.swift */; };
		6C76DCFE77B6428A07D48185 /* AgentTaskService.swift in Sources */ = {isa = PBXBuildFile; fileRef = 863303DD7B9B435FD91AA29F /* AgentTaskService.swift */; };
		757F44AF1E57EADB8B1A4FD7 /* SettingsManager.swift in Sources */ = {isa = PBXBuildFile; fileRef = 588828949ADF26913AD9F483 /* SettingsManager.swift */; };
		786EA1B3EB480BF0320C0DAF /* HeadsetPromptTonePlayer.swift in Sources */ = {isa = PBXBuildFile; fileRef = EE3AD6551BE12ADBCD28809B /* HeadsetPromptTonePlayer.swift */; };
		7AA92872F90BDAD555943317 /* SimpleSettingsTabView.swift in Sources */ = {isa = PBXBuildFile; fileRef = 494F3D124DB916CDB7F922CA /* SimpleSettingsTabView.swift */; };
		7C346FFD960C00641EA59882 /* HeadsetConversationController.swift in Sources */ = {isa = PBXBuildFile; fileRef = FBEAEB450F34C85C45512B3F /* HeadsetConversationController.swift */; };
		895CCA6DF685313BBF44A9A8 /* MessageBubbleView.swift in Sources */ = {isa = PBXBuildFile; fileRef = 7373BB88261A2851504B020F /* MessageBubbleView.swift */; };
		8D23C9E4C82B76B0AF0E1473 /* AuthRecoveryPolicy.swift in Sources */ = {isa = PBXBuildFile; fileRef = 7D02B25F69B1B6290DDA3FDF /* AuthRecoveryPolicy.swift */; };
		8D293ED93005ED628A2AC3D3 /* AgentTaskModels.swift in Sources */ = {isa = PBXBuildFile; fileRef = BA99CF9EC0C0759B08A5E4E0 /* AgentTaskModels.swift */; };
		8E04AA39A4C14E9EB9B74AC1 /* OpenAICompatibleAiClients.swift in Sources */ = {isa = PBXBuildFile; fileRef = 8E04AA38A4C14E9EB9B74AC1 /* OpenAICompatibleAiClients.swift */; };
		916447AB25FB0B3836E6DCBE /* LaunchScreen.storyboard in Resources */ = {isa = PBXBuildFile; fileRef = 4CE1DF8496D56DC00F4FE1A9 /* LaunchScreen.storyboard */; };
		9370B501EF788A5498CF1818 /* Pods_OpenClawRemote.framework in Frameworks */ = {isa = PBXBuildFile; fileRef = B27E22F8A4595C431A3223ED /* Pods_OpenClawRemote.framework */; };
		953448EA4BD143E79D81431D /* AudioRecorder.swift in Sources */ = {isa = PBXBuildFile; fileRef = D8723AA06B30B5639AC2D8FF /* AudioRecorder.swift */; };
		97BCF21F9FEFBE50BB814EDC /* MainScreenView.swift in Sources */ = {isa = PBXBuildFile; fileRef = 0485DBA11E12B632C6AA47D7 /* MainScreenView.swift */; };
		9B6D09E6E8C642FA37310D6F /* HeadsetAudio.swift in Sources */ = {isa = PBXBuildFile; fileRef = 6A7B5EDF4DC4CA8A16435AB7 /* HeadsetAudio.swift */; };
		9CFC6A2FDEFF722BDAC7BFF6 /* HeadsetTabView.swift in Sources */ = {isa = PBXBuildFile; fileRef = 5FD0B61744FDE21EAFBBD242 /* HeadsetTabView.swift */; };
		A2DA8EAB9DEC448DDD263208 /* CredentialVault.swift in Sources */ = {isa = PBXBuildFile; fileRef = EAF47E8BA6F058E9993EF8FF /* CredentialVault.swift */; };
		A4A32D4C9EE8B2006D2CD314 /* MessageSpeechController.swift in Sources */ = {isa = PBXBuildFile; fileRef = EB31F81F478C695F9929F943 /* MessageSpeechController.swift */; };
		A8C9EB0C43E66C5D634C4D39 /* OpenClawRemoteApp.swift in Sources */ = {isa = PBXBuildFile; fileRef = 7A4955135A9774CBE701184A /* OpenClawRemoteApp.swift */; };
		AF3E9FC091BD594AE23769B4 /* EarphoneLocalStores.swift in Sources */ = {isa = PBXBuildFile; fileRef = 57E4B5479FB4EB89A59AD424 /* EarphoneLocalStores.swift */; };
		C1B553EB17B6EEFF9EC66F56 /* MochiTypography.swift in Sources */ = {isa = PBXBuildFile; fileRef = ACC1BA8D2A85A4A40055F08E /* MochiTypography.swift */; };
		C5BACC2298682E9D9CBE0671 /* AgentsTabView.swift in Sources */ = {isa = PBXBuildFile; fileRef = A6FF090AB17E92E2BE7DA7FA /* AgentsTabView.swift */; };
		D6FEA86A12707E3151B05274 /* EarphoneSharedViews.swift in Sources */ = {isa = PBXBuildFile; fileRef = 90479CF918A09AE199E83FAE /* EarphoneSharedViews.swift */; };
		E28515B792A354E3C6609424 /* Models.swift in Sources */ = {isa = PBXBuildFile; fileRef = F7A4D618EC6F318502FD22F9 /* Models.swift */; };
		E356817A883ABBDA11B4B2EB /* MochiColors.swift in Sources */ = {isa = PBXBuildFile; fileRef = 0C60717D2A2A02F7B79A6551 /* MochiColors.swift */; };
		E4796E04C1AAB516C163666E /* ApprovalRequest.swift in Sources */ = {isa = PBXBuildFile; fileRef = 6F6270856A7499A676B5214F /* ApprovalRequest.swift */; };
		FD2861FBF39823A0C987C2D6 /* OpusDecoderBridge.m in Sources */ = {isa = PBXBuildFile; fileRef = 34BEE752760A7FD40F723C88 /* OpusDecoderBridge.m */; };
		FDB35B81981AE2F58321A1CA /* TasksTabView.swift in Sources */ = {isa = PBXBuildFile; fileRef = 656C2B05F22E8D7C263308C1 /* TasksTabView.swift */; };
		AA1B2C3D4E5F6A7B8C9D0E1F /* HeadsetSettingsMenuView.swift in Sources */ = {isa = PBXBuildFile; fileRef = BB2C3D4E5F6A7B8C9D0E1F2 /* HeadsetSettingsMenuView.swift */; };
		CC3D4E5F6A7B8C9D0E1F2A3B /* OTAUpgradeView.swift in Sources */ = {isa = PBXBuildFile; fileRef = DD4E5F6A7B8C9D0E1F2A3B4C /* OTAUpgradeView.swift */; };
		EE5F6A7B8C9D0E1F2A3B4C5D /* FindHeadsetView.swift in Sources */ = {isa = PBXBuildFile; fileRef = FF6A7B8C9D0E1F2A3B4C5D6E /* FindHeadsetView.swift */; };
/* End PBXBuildFile section */

/* Begin PBXFileReference section */
		0485DBA11E12B632C6AA47D7 /* MainScreenView.swift */ = {isa = PBXFileReference; lastKnownFileType = sourcecode.swift; path = MainScreenView.swift; sourceTree = "<group>"; };
		0C60717D2A2A02F7B79A6551 /* MochiColors.swift */ = {isa = PBXFileReference; lastKnownFileType = sourcecode.swift; path = MochiColors.swift; sourceTree = "<group>"; };
		2DD481DC8CD7C44EB62100B1 /* InputAreaView.swift */ = {isa = PBXFileReference; lastKnownFileType = sourcecode.swift; path = InputAreaView.swift; sourceTree = "<group>"; };
		34BEE752760A7FD40F723C88 /* OpusDecoderBridge.m */ = {isa = PBXFileReference; lastKnownFileType = sourcecode.c.objc; path = OpusDecoderBridge.m; sourceTree = "<group>"; };
		3A602978B2C24D4294DF971F /* SettingsScreenView.swift */ = {isa = PBXFileReference; lastKnownFileType = sourcecode.swift; path = SettingsScreenView.swift; sourceTree = "<group>"; };
		494F3D124DB916CDB7F922CA /* SimpleSettingsTabView.swift */ = {isa = PBXFileReference; lastKnownFileType = sourcecode.swift; path = SimpleSettingsTabView.swift; sourceTree = "<group>"; };
		4CE1DF8496D56DC00F4FE1A9 /* LaunchScreen.storyboard */ = {isa = PBXFileReference; lastKnownFileType = file.storyboard; path = LaunchScreen.storyboard; sourceTree = "<group>"; };
		54F44A7556003A94BF41818D /* OpenClawRemote.app */ = {isa = PBXFileReference; explicitFileType = wrapper.application; includeInIndex = 0; path = OpenClawRemote.app; sourceTree = BUILT_PRODUCTS_DIR; };
		57E4B5479FB4EB89A59AD424 /* EarphoneLocalStores.swift */ = {isa = PBXFileReference; lastKnownFileType = sourcecode.swift; path = EarphoneLocalStores.swift; sourceTree = "<group>"; };
		588828949ADF26913AD9F483 /* SettingsManager.swift */ = {isa = PBXFileReference; lastKnownFileType = sourcecode.swift; path = SettingsManager.swift; sourceTree = "<group>"; };
		5A35BA9D214C277B34416F0C /* ABMateProtocol.swift */ = {isa = PBXFileReference; lastKnownFileType = sourcecode.swift; path = ABMateProtocol.swift; sourceTree = "<group>"; };
		5FD0B61744FDE21EAFBBD242 /* HeadsetTabView.swift */ = {isa = PBXFileReference; lastKnownFileType = sourcecode.swift; path = HeadsetTabView.swift; sourceTree = "<group>"; };
		63155F121643AE1EC381DFB9 /* EarphoneLocalModels.swift */ = {isa = PBXFileReference; lastKnownFileType = sourcecode.swift; path = EarphoneLocalModels.swift; sourceTree = "<group>"; };
		64684BD4B6CF2B2B81D3AB4B /* OpusDecoderBridge.h */ = {isa = PBXFileReference; lastKnownFileType = sourcecode.c.h; path = OpusDecoderBridge.h; sourceTree = "<group>"; };
		656C2B05F22E8D7C263308C1 /* TasksTabView.swift */ = {isa = PBXFileReference; lastKnownFileType = sourcecode.swift; path = TasksTabView.swift; sourceTree = "<group>"; };
		6A7B5EDF4DC4CA8A16435AB7 /* HeadsetAudio.swift */ = {isa = PBXFileReference; lastKnownFileType = sourcecode.swift; path = HeadsetAudio.swift; sourceTree = "<group>"; };
		6F6270856A7499A676B5214F /* ApprovalRequest.swift */ = {isa = PBXFileReference; lastKnownFileType = sourcecode.swift; path = ApprovalRequest.swift; sourceTree = "<group>"; };
		7373BB88261A2851504B020F /* MessageBubbleView.swift */ = {isa = PBXFileReference; lastKnownFileType = sourcecode.swift; path = MessageBubbleView.swift; sourceTree = "<group>"; };
		79B57CE4BEC7A0885C2C6FB4 /* Assets.xcassets */ = {isa = PBXFileReference; lastKnownFileType = folder.assetcatalog; path = Assets.xcassets; sourceTree = "<group>"; };
		7A4955135A9774CBE701184A /* OpenClawRemoteApp.swift */ = {isa = PBXFileReference; lastKnownFileType = sourcecode.swift; path = OpenClawRemoteApp.swift; sourceTree = "<group>"; };
		7D02B25F69B1B6290DDA3FDF /* AuthRecoveryPolicy.swift */ = {isa = PBXFileReference; lastKnownFileType = sourcecode.swift; path = AuthRecoveryPolicy.swift; sourceTree = "<group>"; };
		863303DD7B9B435FD91AA29F /* AgentTaskService.swift */ = {isa = PBXFileReference; lastKnownFileType = sourcecode.swift; path = AgentTaskService.swift; sourceTree = "<group>"; };
		8E04AA38A4C14E9EB9B74AC1 /* OpenAICompatibleAiClients.swift */ = {isa = PBXFileReference; lastKnownFileType = sourcecode.swift; path = OpenAICompatibleAiClients.swift; sourceTree = "<group>"; };
		90479CF918A09AE199E83FAE /* EarphoneSharedViews.swift */ = {isa = PBXFileReference; lastKnownFileType = sourcecode.swift; path = EarphoneSharedViews.swift; sourceTree = "<group>"; };
		946F3E489BE259CFEA074CD7 /* RootTabView.swift */ = {isa = PBXFileReference; lastKnownFileType = sourcecode.swift; path = RootTabView.swift; sourceTree = "<group>"; };
		A609FE540C0EE0FA6D377651 /* QRScannerScreenView.swift */ = {isa = PBXFileReference; lastKnownFileType = sourcecode.swift; path = QRScannerScreenView.swift; sourceTree = "<group>"; };
		A6FF090AB17E92E2BE7DA7FA /* AgentsTabView.swift */ = {isa = PBXFileReference; lastKnownFileType = sourcecode.swift; path = AgentsTabView.swift; sourceTree = "<group>"; };
		ACC1BA8D2A85A4A40055F08E /* MochiTypography.swift */ = {isa = PBXFileReference; lastKnownFileType = sourcecode.swift; path = MochiTypography.swift; sourceTree = "<group>"; };
		B27E22F8A4595C431A3223ED /* Pods_OpenClawRemote.framework */ = {isa = PBXFileReference; explicitFileType = wrapper.framework; includeInIndex = 0; path = Pods_OpenClawRemote.framework; sourceTree = BUILT_PRODUCTS_DIR; };
		BA99CF9EC0C0759B08A5E4E0 /* AgentTaskModels.swift */ = {isa = PBXFileReference; lastKnownFileType = sourcecode.swift; path = AgentTaskModels.swift; sourceTree = "<group>"; };
		BF27902A11DB4EFB0E211233 /* WebSocketManager.swift */ = {isa = PBXFileReference; lastKnownFileType = sourcecode.swift; path = WebSocketManager.swift; sourceTree = "<group>"; };
		CC3E02E2C53F30B646483BA2 /* Pods-OpenClawRemote.release.xcconfig */ = {isa = PBXFileReference; includeInIndex = 1; lastKnownFileType = text.xcconfig; name = "Pods-OpenClawRemote.release.xcconfig"; path = "Target Support Files/Pods-OpenClawRemote/Pods-OpenClawRemote.release.xcconfig"; sourceTree = "<group>"; };
		CFF62CA2DACEAB18522B07FE /* A9UltraBLEManager.swift */ = {isa = PBXFileReference; lastKnownFileType = sourcecode.swift; path = A9UltraBLEManager.swift; sourceTree = "<group>"; };
		D0B613F270534D9FC37C175B /* Pods-OpenClawRemote.debug.xcconfig */ = {isa = PBXFileReference; includeInIndex = 1; lastKnownFileType = text.xcconfig; name = "Pods-OpenClawRemote.debug.xcconfig"; path = "Target Support Files/Pods-OpenClawRemote/Pods-OpenClawRemote.debug.xcconfig"; sourceTree = "<group>"; };
		D8723AA06B30B5639AC2D8FF /* AudioRecorder.swift */ = {isa = PBXFileReference; lastKnownFileType = sourcecode.swift; path = AudioRecorder.swift; sourceTree = "<group>"; };
		D9D61AD927982A4ACE6F1128 /* OpenClawRemote-Bridging-Header.h */ = {isa = PBXFileReference; lastKnownFileType = sourcecode.c.h; path = "OpenClawRemote-Bridging-Header.h"; sourceTree = "<group>"; };
		EAF47E8BA6F058E9993EF8FF /* CredentialVault.swift */ = {isa = PBXFileReference; lastKnownFileType = sourcecode.swift; path = CredentialVault.swift; sourceTree = "<group>"; };
		EB31F81F478C695F9929F943 /* MessageSpeechController.swift */ = {isa = PBXFileReference; lastKnownFileType = sourcecode.swift; path = MessageSpeechController.swift; sourceTree = "<group>"; };
		EE3AD6551BE12ADBCD28809B /* HeadsetPromptTonePlayer.swift */ = {isa = PBXFileReference; lastKnownFileType = sourcecode.swift; path = HeadsetPromptTonePlayer.swift; sourceTree = "<group>"; };
		F7A4D618EC6F318502FD22F9 /* Models.swift */ = {isa = PBXFileReference; lastKnownFileType = sourcecode.swift; path = Models.swift; sourceTree = "<group>"; };
		FBEAEB450F34C85C45512B3F /* HeadsetConversationController.swift */ = {isa = PBXFileReference; lastKnownFileType = sourcecode.swift; path = HeadsetConversationController.swift; sourceTree = "<group>"; };
		BB2C3D4E5F6A7B8C9D0E1F2 /* HeadsetSettingsMenuView.swift */ = {isa = PBXFileReference; lastKnownFileType = sourcecode.swift; path = HeadsetSettingsMenuView.swift; sourceTree = "<group>"; };
		DD4E5F6A7B8C9D0E1F2A3B4C /* OTAUpgradeView.swift */ = {isa = PBXFileReference; lastKnownFileType = sourcecode.swift; path = OTAUpgradeView.swift; sourceTree = "<group>"; };
		FF6A7B8C9D0E1F2A3B4C5D6E /* FindHeadsetView.swift */ = {isa = PBXFileReference; lastKnownFileType = sourcecode.swift; path = FindHeadsetView.swift; sourceTree = "<group>"; };
/* End PBXFileReference section */

/* Begin PBXFrameworksBuildPhase section */
		454D4F63A978C36BD9F959CD /* Frameworks */ = {
			isa = PBXFrameworksBuildPhase;
			buildActionMask = 2147483647;
			files = (
				9370B501EF788A5498CF1818 /* Pods_OpenClawRemote.framework in Frameworks */,
			);
			runOnlyForDeploymentPostprocessing = 0;
		};
/* End PBXFrameworksBuildPhase section */

/* Begin PBXGroup section */
		0638353D6639E542F59D0912 /* Products */ = {
			isa = PBXGroup;
			children = (
				54F44A7556003A94BF41818D /* OpenClawRemote.app */,
			);
			name = Products;
			sourceTree = "<group>";
		};
		3B1DAD74F0562A66113C1BF4 /* Models */ = {
			isa = PBXGroup;
			children = (
				BA99CF9EC0C0759B08A5E4E0 /* AgentTaskModels.swift */,
				63155F121643AE1EC381DFB9 /* EarphoneLocalModels.swift */,
			);
			path = Models;
			sourceTree = "<group>";
		};
		462E936854E17DC1E5318BA9 /* Views */ = {
			isa = PBXGroup;
			children = (
				A6FF090AB17E92E2BE7DA7FA /* AgentsTabView.swift */,
				90479CF918A09AE199E83FAE /* EarphoneSharedViews.swift */,
				5FD0B61744FDE21EAFBBD242 /* HeadsetTabView.swift */,
				946F3E489BE259CFEA074CD7 /* RootTabView.swift */,
				494F3D124DB916CDB7F922CA /* SimpleSettingsTabView.swift */,
				656C2B05F22E8D7C263308C1 /* TasksTabView.swift */,
				BB2C3D4E5F6A7B8C9D0E1F2 /* HeadsetSettingsMenuView.swift */,
				DD4E5F6A7B8C9D0E1F2A3B4C /* OTAUpgradeView.swift */,
				FF6A7B8C9D0E1F2A3B4C5D6E /* FindHeadsetView.swift */,
			);
			path = Views;
			sourceTree = "<group>";
		};
		4F380096E56571C95D3C0373 = {
			isa = PBXGroup;
			children = (
				79B57CE4BEC7A0885C2C6FB4 /* Assets.xcassets */,
				4CE1DF8496D56DC00F4FE1A9 /* LaunchScreen.storyboard */,
				893917C58E04C23AC21F869F /* Sources */,
				0638353D6639E542F59D0912 /* Products */,
				80499048D2D93994CCFC2384 /* Pods */,
				847C9CC7D310AA815B519388 /* Frameworks */,
			);
			sourceTree = "<group>";
		};
		80499048D2D93994CCFC2384 /* Pods */ = {
			isa = PBXGroup;
			children = (
				D0B613F270534D9FC37C175B /* Pods-OpenClawRemote.debug.xcconfig */,
				CC3E02E2C53F30B646483BA2 /* Pods-OpenClawRemote.release.xcconfig */,
			);
			path = Pods;
			sourceTree = "<group>";
		};
		847C9CC7D310AA815B519388 /* Frameworks */ = {
			isa = PBXGroup;
			children = (
				B27E22F8A4595C431A3223ED /* Pods_OpenClawRemote.framework */,
			);
			name = Frameworks;
			sourceTree = "<group>";
		};
		893917C58E04C23AC21F869F /* Sources */ = {
			isa = PBXGroup;
			children = (
				6F6270856A7499A676B5214F /* ApprovalRequest.swift */,
				D8723AA06B30B5639AC2D8FF /* AudioRecorder.swift */,
				7D02B25F69B1B6290DDA3FDF /* AuthRecoveryPolicy.swift */,
				EAF47E8BA6F058E9993EF8FF /* CredentialVault.swift */,
				2DD481DC8CD7C44EB62100B1 /* InputAreaView.swift */,
				0485DBA11E12B632C6AA47D7 /* MainScreenView.swift */,
				7373BB88261A2851504B020F /* MessageBubbleView.swift */,
				EB31F81F478C695F9929F943 /* MessageSpeechController.swift */,
				0C60717D2A2A02F7B79A6551 /* MochiColors.swift */,
				ACC1BA8D2A85A4A40055F08E /* MochiTypography.swift */,
				F7A4D618EC6F318502FD22F9 /* Models.swift */,
				8E04AA38A4C14E9EB9B74AC1 /* OpenAICompatibleAiClients.swift */,
				D9D61AD927982A4ACE6F1128 /* OpenClawRemote-Bridging-Header.h */,
				7A4955135A9774CBE701184A /* OpenClawRemoteApp.swift */,
				A609FE540C0EE0FA6D377651 /* QRScannerScreenView.swift */,
				588828949ADF26913AD9F483 /* SettingsManager.swift */,
				3A602978B2C24D4294DF971F /* SettingsScreenView.swift */,
				BF27902A11DB4EFB0E211233 /* WebSocketManager.swift */,
				B91F7C7054A3FAD1FDC5255A /* HeadsetAI */,
				3B1DAD74F0562A66113C1BF4 /* Models */,
				DD4F6A0BA15DE0A0643A4075 /* Stores */,
				462E936854E17DC1E5318BA9 /* Views */,
			);
			path = Sources;
			sourceTree = "<group>";
		};
		B91F7C7054A3FAD1FDC5255A /* HeadsetAI */ = {
			isa = PBXGroup;
			children = (
				CFF62CA2DACEAB18522B07FE /* A9UltraBLEManager.swift */,
				5A35BA9D214C277B34416F0C /* ABMateProtocol.swift */,
				6A7B5EDF4DC4CA8A16435AB7 /* HeadsetAudio.swift */,
				FBEAEB450F34C85C45512B3F /* HeadsetConversationController.swift */,
				EE3AD6551BE12ADBCD28809B /* HeadsetPromptTonePlayer.swift */,
				64684BD4B6CF2B2B81D3AB4B /* OpusDecoderBridge.h */,
				34BEE752760A7FD40F723C88 /* OpusDecoderBridge.m */,
			);
			path = HeadsetAI;
			sourceTree = "<group>";
		};
		DD4F6A0BA15DE0A0643A4075 /* Stores */ = {
			isa = PBXGroup;
			children = (
				863303DD7B9B435FD91AA29F /* AgentTaskService.swift */,
				57E4B5479FB4EB89A59AD424 /* EarphoneLocalStores.swift */,
			);
			path = Stores;
			sourceTree = "<group>";
		};
/* End PBXGroup section */

/* Begin PBXNativeTarget section */
		557C179B1EA27BC7CE96D658 /* OpenClawRemote */ = {
			isa = PBXNativeTarget;
			buildConfigurationList = 9DC830C1DB564014ED8B3085 /* Build configuration list for PBXNativeTarget "OpenClawRemote" */;
			buildPhases = (
				5653C703E7D66A07C6D3992E /* [CP] Check Pods Manifest.lock */,
				FB92072CDD8931FF1C69EB7E /* Sources */,
				6AB989F2846EFCE8ED135BF6 /* Resources */,
				454D4F63A978C36BD9F959CD /* Frameworks */,
				E3895B3278A817643DF34E33 /* [CP] Embed Pods Frameworks */,
			);
			buildRules = (
			);
			dependencies = (
			);
			name = OpenClawRemote;
			productName = OpenClawRemote;
			productReference = 54F44A7556003A94BF41818D /* OpenClawRemote.app */;
			productType = "com.apple.product-type.application";
		};
/* End PBXNativeTarget section */

/* Begin PBXProject section */
		6E7E587C537B552716668A42 /* Project object */ = {
			isa = PBXProject;
			attributes = {
				BuildIndependentTargetsInParallel = YES;
				LastUpgradeCheck = 1500;
				TargetAttributes = {
					557C179B1EA27BC7CE96D658 = {
						ProvisioningStyle = Automatic;
					};
				};
			};
			buildConfigurationList = 06E39E6587E765B4CF58E56B /* Build configuration list for PBXProject "OpenClawRemote" */;
			developmentRegion = en;
			hasScannedForEncodings = 0;
			knownRegions = (
				Base,
				en,
			);
			mainGroup = 4F380096E56571C95D3C0373;
			minimizedProjectReferenceProxies = 1;
			preferredProjectObjectVersion = 77;
			productRefGroup = 0638353D6639E542F59D0912 /* Products */;
			projectDirPath = "";
			projectRoot = "";
			targets = (
				557C179B1EA27BC7CE96D658 /* OpenClawRemote */,
			);
		};
/* End PBXProject section */

/* Begin PBXResourcesBuildPhase section */
		6AB989F2846EFCE8ED135BF6 /* Resources */ = {
			isa = PBXResourcesBuildPhase;
			buildActionMask = 2147483647;
			files = (
				4FBC8EAC231E42036CB9F6E9 /* Assets.xcassets in Resources */,
				916447AB25FB0B3836E6DCBE /* LaunchScreen.storyboard in Resources */,
			);
			runOnlyForDeploymentPostprocessing = 0;
		};
/* End PBXResourcesBuildPhase section */

/* Begin PBXShellScriptBuildPhase section */
		5653C703E7D66A07C6D3992E /* [CP] Check Pods Manifest.lock */ = {
			isa = PBXShellScriptBuildPhase;
			buildActionMask = 2147483647;
			files = (
			);
			inputFileListPaths = (
			);
			inputPaths = (
				"${PODS_PODFILE_DIR_PATH}/Podfile.lock",
				"${PODS_ROOT}/Manifest.lock",
			);
			name = "[CP] Check Pods Manifest.lock";
			outputFileListPaths = (
			);
			outputPaths = (
				"$(DERIVED_FILE_DIR)/Pods-OpenClawRemote-checkManifestLockResult.txt",
			);
			runOnlyForDeploymentPostprocessing = 0;
			shellPath = /bin/sh;
			shellScript = "diff \"${PODS_PODFILE_DIR_PATH}/Podfile.lock\" \"${PODS_ROOT}/Manifest.lock\" > /dev/null\nif [ $? != 0 ] ; then\n    # print error to STDERR\n    echo \"error: The sandbox is not in sync with the Podfile.lock. Run 'pod install' or update your CocoaPods installation.\" >&2\n    exit 1\nfi\n# This output is used by Xcode 'outputs' to avoid re-running this script phase.\necho \"SUCCESS\" > \"${SCRIPT_OUTPUT_FILE_0}\"\n";
			showEnvVarsInLog = 0;
		};
		E3895B3278A817643DF34E33 /* [CP] Embed Pods Frameworks */ = {
			isa = PBXShellScriptBuildPhase;
			buildActionMask = 2147483647;
			files = (
			);
			inputFileListPaths = (
				"${PODS_ROOT}/Target Support Files/Pods-OpenClawRemote/Pods-OpenClawRemote-frameworks-${CONFIGURATION}-input-files.xcfilelist",
			);
			inputPaths = (
			);
			name = "[CP] Embed Pods Frameworks";
			outputFileListPaths = (
				"${PODS_ROOT}/Target Support Files/Pods-OpenClawRemote/Pods-OpenClawRemote-frameworks-${CONFIGURATION}-output-files.xcfilelist",
			);
			outputPaths = (
			);
			runOnlyForDeploymentPostprocessing = 0;
			shellPath = /bin/sh;
			shellScript = "\"${PODS_ROOT}/Target Support Files/Pods-OpenClawRemote/Pods-OpenClawRemote-frameworks.sh\"\n";
			showEnvVarsInLog = 0;
		};
/* End PBXShellScriptBuildPhase section */

/* Begin PBXSourcesBuildPhase section */
		FB92072CDD8931FF1C69EB7E /* Sources */ = {
			isa = PBXSourcesBuildPhase;
			buildActionMask = 2147483647;
			files = (
				63974BB6FBBEFB347265A4AB /* A9UltraBLEManager.swift in Sources */,
				689254496DC5E3A6E2E1858A /* ABMateProtocol.swift in Sources */,
				8D293ED93005ED628A2AC3D3 /* AgentTaskModels.swift in Sources */,
				6C76DCFE77B6428A07D48185 /* AgentTaskService.swift in Sources */,
				C5BACC2298682E9D9CBE0671 /* AgentsTabView.swift in Sources */,
				E4796E04C1AAB516C163666E /* ApprovalRequest.swift in Sources */,
				953448EA4BD143E79D81431D /* AudioRecorder.swift in Sources */,
				8D23C9E4C82B76B0AF0E1473 /* AuthRecoveryPolicy.swift in Sources */,
				A2DA8EAB9DEC448DDD263208 /* CredentialVault.swift in Sources */,
				62B40259D739BDC54D685713 /* EarphoneLocalModels.swift in Sources */,
				AF3E9FC091BD594AE23769B4 /* EarphoneLocalStores.swift in Sources */,
				D6FEA86A12707E3151B05274 /* EarphoneSharedViews.swift in Sources */,
				9B6D09E6E8C642FA37310D6F /* HeadsetAudio.swift in Sources */,
				7C346FFD960C00641EA59882 /* HeadsetConversationController.swift in Sources */,
				786EA1B3EB480BF0320C0DAF /* HeadsetPromptTonePlayer.swift in Sources */,
				9CFC6A2FDEFF722BDAC7BFF6 /* HeadsetTabView.swift in Sources */,
				AA1B2C3D4E5F6A7B8C9D0E1F /* HeadsetSettingsMenuView.swift in Sources */,
				CC3D4E5F6A7B8C9D0E1F2A3B /* OTAUpgradeView.swift in Sources */,
				EE5F6A7B8C9D0E1F2A3B4C5D /* FindHeadsetView.swift in Sources */,
				1B5B33DFF38C672BE1947434 /* InputAreaView.swift in Sources */,
				97BCF21F9FEFBE50BB814EDC /* MainScreenView.swift in Sources */,
				895CCA6DF685313BBF44A9A8 /* MessageBubbleView.swift in Sources */,
				A4A32D4C9EE8B2006D2CD314 /* MessageSpeechController.swift in Sources */,
				E356817A883ABBDA11B4B2EB /* MochiColors.swift in Sources */,
				C1B553EB17B6EEFF9EC66F56 /* MochiTypography.swift in Sources */,
				E28515B792A354E3C6609424 /* Models.swift in Sources */,
				8E04AA39A4C14E9EB9B74AC1 /* OpenAICompatibleAiClients.swift in Sources */,
				A8C9EB0C43E66C5D634C4D39 /* OpenClawRemoteApp.swift in Sources */,
				FD2861FBF39823A0C987C2D6 /* OpusDecoderBridge.m in Sources */,
				3F714AF4F704E166FDC5DC8A /* QRScannerScreenView.swift in Sources */,
				40322FDC2A44A520F247A030 /* RootTabView.swift in Sources */,
				757F44AF1E57EADB8B1A4FD7 /* SettingsManager.swift in Sources */,
				4E1E63A428CD678307FFACF9 /* SettingsScreenView.swift in Sources */,
				7AA92872F90BDAD555943317 /* SimpleSettingsTabView.swift in Sources */,
				FDB35B81981AE2F58321A1CA /* TasksTabView.swift in Sources */,
				5EC8C5FB31CB74CAA10BDF37 /* WebSocketManager.swift in Sources */,
			);
			runOnlyForDeploymentPostprocessing = 0;
		};
/* End PBXSourcesBuildPhase section */

/* Begin XCBuildConfiguration section */
		5FBBAFCDA12DD46354CD9789 /* Release */ = {
			isa = XCBuildConfiguration;
			baseConfigurationReference = CC3E02E2C53F30B646483BA2 /* Pods-OpenClawRemote.release.xcconfig */;
			buildSettings = {
				ASSETCATALOG_COMPILER_APPICON_NAME = AppIcon;
				CODE_SIGN_IDENTITY = "iPhone Developer";
				DEVELOPMENT_TEAM = A3V5JPZR2J;
				LD_RUNPATH_SEARCH_PATHS = (
					"$(inherited)",
					"@executable_path/Frameworks",
				);
				PRODUCT_NAME = OpenClawRemote;
				SDKROOT = iphoneos;
				TARGETED_DEVICE_FAMILY = "1,2";
			};
			name = Release;
		};
		9AAAB9B1518D8A95F900D765 /* Debug */ = {
			isa = XCBuildConfiguration;
			buildSettings = {
				ALWAYS_SEARCH_USER_PATHS = NO;
				CLANG_ANALYZER_NONNULL = YES;
				CLANG_ANALYZER_NUMBER_OBJECT_CONVERSION = YES_AGGRESSIVE;
				CLANG_CXX_LANGUAGE_STANDARD = "gnu++14";
				CLANG_CXX_LIBRARY = "libc++";
				CLANG_ENABLE_MODULES = YES;
				CLANG_ENABLE_OBJC_ARC = YES;
				CLANG_ENABLE_OBJC_WEAK = YES;
				CLANG_WARN_BLOCK_CAPTURE_AUTORELEASING = YES;
				CLANG_WARN_BOOL_CONVERSION = YES;
				CLANG_WARN_COMMA = YES;
				CLANG_WARN_CONSTANT_CONVERSION = YES;
				CLANG_WARN_DEPRECATED_OBJC_IMPLEMENTATIONS = YES;
				CLANG_WARN_DIRECT_OBJC_ISA_USAGE = YES_ERROR;
				CLANG_WARN_DOCUMENTATION_COMMENTS = YES;
				CLANG_WARN_EMPTY_BODY = YES;
				CLANG_WARN_ENUM_CONVERSION = YES;
				CLANG_WARN_INFINITE_RECURSION = YES;
				CLANG_WARN_INT_CONVERSION = YES;
				CLANG_WARN_NON_LITERAL_NULL_CONVERSION = YES;
				CLANG_WARN_OBJC_IMPLICIT_RETAIN_SELF = YES;
				CLANG_WARN_OBJC_LITERAL_CONVERSION = YES;
				CLANG_WARN_OBJC_ROOT_CLASS = YES_ERROR;
				CLANG_WARN_QUOTED_INCLUDE_IN_FRAMEWORK_HEADER = YES;
				CLANG_WARN_RANGE_LOOP_ANALYSIS = YES;
				CLANG_WARN_STRICT_PROTOTYPES = YES;
				CLANG_WARN_SUSPICIOUS_MOVE = YES;
				CLANG_WARN_UNGUARDED_AVAILABILITY = YES_AGGRESSIVE;
				CLANG_WARN_UNREACHABLE_CODE = YES;
				CLANG_WARN__DUPLICATE_METHOD_MATCH = YES;
				CODE_SIGN_STYLE = Automatic;
				COPY_PHASE_STRIP = NO;
				DEBUG_INFORMATION_FORMAT = dwarf;
				ENABLE_STRICT_OBJC_MSGSEND = YES;
				ENABLE_TESTABILITY = YES;
				GCC_C_LANGUAGE_STANDARD = gnu11;
				GCC_DYNAMIC_NO_PIC = NO;
				GCC_NO_COMMON_BLOCKS = YES;
				GCC_OPTIMIZATION_LEVEL = 0;
				GCC_PREPROCESSOR_DEFINITIONS = (
					"$(inherited)",
					"DEBUG=1",
				);
				GCC_WARN_64_TO_32_BIT_CONVERSION = YES;
				GCC_WARN_ABOUT_RETURN_TYPE = YES_ERROR;
				GCC_WARN_UNDECLARED_SELECTOR = YES;
				GCC_WARN_UNINITIALIZED_AUTOS = YES_AGGRESSIVE;
				GCC_WARN_UNUSED_FUNCTION = YES;
				GCC_WARN_UNUSED_VARIABLE = YES;
				GENERATE_INFOPLIST_FILE = NO;
				INFOPLIST_FILE = Info.plist;
				IPHONEOS_DEPLOYMENT_TARGET = 15.0;
				MTL_ENABLE_DEBUG_INFO = INCLUDE_SOURCE;
				MTL_FAST_MATH = YES;
				ONLY_ACTIVE_ARCH = YES;
				PRODUCT_BUNDLE_IDENTIFIER = "boson-tech.OpenClawRemote";
				PRODUCT_NAME = "$(TARGET_NAME)";
				SDKROOT = iphoneos;
				SWIFT_ACTIVE_COMPILATION_CONDITIONS = DEBUG;
				SWIFT_OBJC_BRIDGING_HEADER = "Sources/OpenClawRemote-Bridging-Header.h";
				SWIFT_OPTIMIZATION_LEVEL = "-Onone";
				SWIFT_VERSION = 5.9;
				TARGETED_DEVICE_FAMILY = 1;
			};
			name = Debug;
		};
		C1EA184B62892E93F0E877AF /* Release */ = {
			isa = XCBuildConfiguration;
			buildSettings = {
				ALWAYS_SEARCH_USER_PATHS = NO;
				CLANG_ANALYZER_NONNULL = YES;
				CLANG_ANALYZER_NUMBER_OBJECT_CONVERSION = YES_AGGRESSIVE;
				CLANG_CXX_LANGUAGE_STANDARD = "gnu++14";
				CLANG_CXX_LIBRARY = "libc++";
				CLANG_ENABLE_MODULES = YES;
				CLANG_ENABLE_OBJC_ARC = YES;
				CLANG_ENABLE_OBJC_WEAK = YES;
				CLANG_WARN_BLOCK_CAPTURE_AUTORELEASING = YES;
				CLANG_WARN_BOOL_CONVERSION = YES;
				CLANG_WARN_COMMA = YES;
				CLANG_WARN_CONSTANT_CONVERSION = YES;
				CLANG_WARN_DEPRECATED_OBJC_IMPLEMENTATIONS = YES;
				CLANG_WARN_DIRECT_OBJC_ISA_USAGE = YES_ERROR;
				CLANG_WARN_DOCUMENTATION_COMMENTS = YES;
				CLANG_WARN_EMPTY_BODY = YES;
				CLANG_WARN_ENUM_CONVERSION = YES;
				CLANG_WARN_INFINITE_RECURSION = YES;
				CLANG_WARN_INT_CONVERSION = YES;
				CLANG_WARN_NON_LITERAL_NULL_CONVERSION = YES;
				CLANG_WARN_OBJC_IMPLICIT_RETAIN_SELF = YES;
				CLANG_WARN_OBJC_LITERAL_CONVERSION = YES;
				CLANG_WARN_OBJC_ROOT_CLASS = YES_ERROR;
				CLANG_WARN_QUOTED_INCLUDE_IN_FRAMEWORK_HEADER = YES;
				CLANG_WARN_RANGE_LOOP_ANALYSIS = YES;
				CLANG_WARN_STRICT_PROTOTYPES = YES;
				CLANG_WARN_SUSPICIOUS_MOVE = YES;
				CLANG_WARN_UNGUARDED_AVAILABILITY = YES_AGGRESSIVE;
				CLANG_WARN_UNREACHABLE_CODE = YES;
				CLANG_WARN__DUPLICATE_METHOD_MATCH = YES;
				CODE_SIGN_STYLE = Automatic;
				COPY_PHASE_STRIP = NO;
				DEBUG_INFORMATION_FORMAT = "dwarf-with-dsym";
				ENABLE_NS_ASSERTIONS = NO;
				ENABLE_STRICT_OBJC_MSGSEND = YES;
				GCC_C_LANGUAGE_STANDARD = gnu11;
				GCC_NO_COMMON_BLOCKS = YES;
				GCC_WARN_64_TO_32_BIT_CONVERSION = YES;
				GCC_WARN_ABOUT_RETURN_TYPE = YES_ERROR;
				GCC_WARN_UNDECLARED_SELECTOR = YES;
				GCC_WARN_UNINITIALIZED_AUTOS = YES_AGGRESSIVE;
				GCC_WARN_UNUSED_FUNCTION = YES;
				GCC_WARN_UNUSED_VARIABLE = YES;
				GENERATE_INFOPLIST_FILE = NO;
				INFOPLIST_FILE = Info.plist;
				IPHONEOS_DEPLOYMENT_TARGET = 15.0;
				MTL_ENABLE_DEBUG_INFO = NO;
				MTL_FAST_MATH = YES;
				PRODUCT_BUNDLE_IDENTIFIER = "boson-tech.OpenClawRemote";
				PRODUCT_NAME = "$(TARGET_NAME)";
				SDKROOT = iphoneos;
				SWIFT_COMPILATION_MODE = wholemodule;
				SWIFT_OBJC_BRIDGING_HEADER = "Sources/OpenClawRemote-Bridging-Header.h";
				SWIFT_OPTIMIZATION_LEVEL = "-O";
				SWIFT_VERSION = 5.9;
				TARGETED_DEVICE_FAMILY = 1;
			};
			name = Release;
		};
		DD0050F6AB6B03A87DCFB008 /* Debug */ = {
			isa = XCBuildConfiguration;
			baseConfigurationReference = D0B613F270534D9FC37C175B /* Pods-OpenClawRemote.debug.xcconfig */;
			buildSettings = {
				ASSETCATALOG_COMPILER_APPICON_NAME = AppIcon;
				CODE_SIGN_IDENTITY = "iPhone Developer";
				DEVELOPMENT_TEAM = A3V5JPZR2J;
				LD_RUNPATH_SEARCH_PATHS = (
					"$(inherited)",
					"@executable_path/Frameworks",
				);
				PRODUCT_NAME = OpenClawRemote;
				SDKROOT = iphoneos;
				TARGETED_DEVICE_FAMILY = "1,2";
			};
			name = Debug;
		};
/* End XCBuildConfiguration section */

/* Begin XCConfigurationList section */
		06E39E6587E765B4CF58E56B /* Build configuration list for PBXProject "OpenClawRemote" */ = {
			isa = XCConfigurationList;
			buildConfigurations = (
				9AAAB9B1518D8A95F900D765 /* Debug */,
				C1EA184B62892E93F0E877AF /* Release */,
			);
			defaultConfigurationIsVisible = 0;
			defaultConfigurationName = Debug;
		};
		9DC830C1DB564014ED8B3085 /* Build configuration list for PBXNativeTarget "OpenClawRemote" */ = {
			isa = XCConfigurationList;
			buildConfigurations = (
				DD0050F6AB6B03A87DCFB008 /* Debug */,
				5FBBAFCDA12DD46354CD9789 /* Release */,
			);
			defaultConfigurationIsVisible = 0;
			defaultConfigurationName = Debug;
		};
/* End XCConfigurationList section */
	};
	rootObject = 6E7E587C537B552716668A42 /* Project object */;
}
